
Microsoft Visual Studio Solution File, Format Version 12.00
# Visual Studio 2013
VisualStudioVersion = 12.0.21005.1
MinimumVisualStudioVersion = 10.0.40219.1
Project("{FAE04EC0-301F-11D3-BF4B-00C04F79EFBC}") = "03- HATA TÜRLERİ", "03- HATA TÜRLERİ\03- HATA TÜRLERİ.csproj", "{CFACE065-EDC6-4DD0-AE10-51E109A961B8}"
EndProject
Project("{FAE04EC0-301F-11D3-BF4B-00C04F79EFBC}") = "RunTimeHatalari", "RunTimeHatalari\RunTimeHatalari.csproj", "{76027FC8-F4B9-4940-9720-F94EC2D4CAEE}"
EndProject
Global
	GlobalSection(SolutionConfigurationPlatforms) = preSolution
		Debug|Any CPU = Debug|Any CPU
		Release|Any CPU = Release|Any CPU
	EndGlobalSection
	GlobalSection(ProjectConfigurationPlatforms) = postSolution
		{CFACE065-EDC6-4DD0-AE10-51E109A961B8}.Debug|Any CPU.ActiveCfg = Debug|Any CPU
		{CFACE065-EDC6-4DD0-AE10-51E109A961B8}.Debug|Any CPU.Build.0 = Debug|Any CPU
		{CFACE065-EDC6-4DD0-AE10-51E109A961B8}.Release|Any CPU.ActiveCfg = Release|Any CPU
		{CFACE065-EDC6-4DD0-AE10-51E109A961B8}.Release|Any CPU.Build.0 = Release|Any CPU
		{76027FC8-F4B9-4940-9720-F94EC2D4CAEE}.Debug|Any CPU.ActiveCfg = Debug|Any CPU
		{76027FC8-F4B9-4940-9720-F94EC2D4CAEE}.Debug|Any CPU.Build.0 = Debug|Any CPU
		{76027FC8-F4B9-4940-9720-F94EC2D4CAEE}.Release|Any CPU.ActiveCfg = Release|Any CPU
		{76027FC8-F4B9-4940-9720-F94EC2D4CAEE}.Release|Any CPU.Build.0 = Release|Any CPU
	EndGlobalSection
	GlobalSection(SolutionProperties) = preSolution
		HideSolutionNode = FALSE
	EndGlobalSection
EndGlobal
