
Microsoft Visual Studio Solution File, Format Version 12.00
# Visual Studio 2013
VisualStudioVersion = 12.0.21005.1
MinimumVisualStudioVersion = 10.0.40219.1
Project("{FAE04EC0-301F-11D3-BF4B-00C04F79EFBC}") = "OPERATORLER", "OPERATORLER\OPERATORLER.csproj", "{7E8D2E43-38F2-433A-AA38-1D6D40D262E3}"
EndProject
Project("{FAE04EC0-301F-11D3-BF4B-00C04F79EFBC}") = "Operatorler_Ornek", "Operatorler_Ornek\Operatorler_Ornek.csproj", "{6D5FE716-42AD-4FD2-BFCE-DF8222732317}"
EndProject
Global
	GlobalSection(SolutionConfigurationPlatforms) = preSolution
		Debug|Any CPU = Debug|Any CPU
		Release|Any CPU = Release|Any CPU
	EndGlobalSection
	GlobalSection(ProjectConfigurationPlatforms) = postSolution
		{7E8D2E43-38F2-433A-AA38-1D6D40D262E3}.Debug|Any CPU.ActiveCfg = Debug|Any CPU
		{7E8D2E43-38F2-433A-AA38-1D6D40D262E3}.Debug|Any CPU.Build.0 = Debug|Any CPU
		{7E8D2E43-38F2-433A-AA38-1D6D40D262E3}.Release|Any CPU.ActiveCfg = Release|Any CPU
		{7E8D2E43-38F2-433A-AA38-1D6D40D262E3}.Release|Any CPU.Build.0 = Release|Any CPU
		{6D5FE716-42AD-4FD2-BFCE-DF8222732317}.Debug|Any CPU.ActiveCfg = Debug|Any CPU
		{6D5FE716-42AD-4FD2-BFCE-DF8222732317}.Debug|Any CPU.Build.0 = Debug|Any CPU
		{6D5FE716-42AD-4FD2-BFCE-DF8222732317}.Release|Any CPU.ActiveCfg = Release|Any CPU
		{6D5FE716-42AD-4FD2-BFCE-DF8222732317}.Release|Any CPU.Build.0 = Release|Any CPU
	EndGlobalSection
	GlobalSection(SolutionProperties) = preSolution
		HideSolutionNode = FALSE
	EndGlobalSection
EndGlobal
