
Microsoft Visual Studio Solution File, Format Version 12.00
# Visual Studio 2013
VisualStudioVersion = 12.0.21005.1
MinimumVisualStudioVersion = 10.0.40219.1
Project("{FAE04EC0-301F-11D3-BF4B-00C04F79EFBC}") = "01-IF KULLANIMI", "05- KONTROL DEYİMLERİ\01-IF KULLANIMI.csproj", "{10CB56FB-872B-41F4-B4D9-4020E2D4128A}"
EndProject
Project("{FAE04EC0-301F-11D3-BF4B-00C04F79EFBC}") = "02-IF-ELSE KULLANIMI", "02- IF-ELSE KULLANIMI\02-IF-ELSE KULLANIMI.csproj", "{447CD086-F376-476E-BC44-5BF1F30D1C87}"
EndProject
Project("{FAE04EC0-301F-11D3-BF4B-00C04F79EFBC}") = "03-ELSE IF KULLANIMI", "03-ELSE IF KULLANIMI\03-ELSE IF KULLANIMI.csproj", "{51E91980-AD93-4B12-8DEE-FB72C1A1176F}"
EndProject
Project("{FAE04EC0-301F-11D3-BF4B-00C04F79EFBC}") = "04-IC ICE IF KULLANIMI-NESTED IF", "04-IC ICE IF KULLANIMI-NESTED IF\04-IC ICE IF KULLANIMI-NESTED IF.csproj", "{812BAFC9-D6B3-4A27-972D-358A9FCA7A80}"
EndProject
Global
	GlobalSection(SolutionConfigurationPlatforms) = preSolution
		Debug|Any CPU = Debug|Any CPU
		Release|Any CPU = Release|Any CPU
	EndGlobalSection
	GlobalSection(ProjectConfigurationPlatforms) = postSolution
		{10CB56FB-872B-41F4-B4D9-4020E2D4128A}.Debug|Any CPU.ActiveCfg = Debug|Any CPU
		{10CB56FB-872B-41F4-B4D9-4020E2D4128A}.Debug|Any CPU.Build.0 = Debug|Any CPU
		{10CB56FB-872B-41F4-B4D9-4020E2D4128A}.Release|Any CPU.ActiveCfg = Release|Any CPU
		{10CB56FB-872B-41F4-B4D9-4020E2D4128A}.Release|Any CPU.Build.0 = Release|Any CPU
		{447CD086-F376-476E-BC44-5BF1F30D1C87}.Debug|Any CPU.ActiveCfg = Debug|Any CPU
		{447CD086-F376-476E-BC44-5BF1F30D1C87}.Debug|Any CPU.Build.0 = Debug|Any CPU
		{447CD086-F376-476E-BC44-5BF1F30D1C87}.Release|Any CPU.ActiveCfg = Release|Any CPU
		{447CD086-F376-476E-BC44-5BF1F30D1C87}.Release|Any CPU.Build.0 = Release|Any CPU
		{51E91980-AD93-4B12-8DEE-FB72C1A1176F}.Debug|Any CPU.ActiveCfg = Debug|Any CPU
		{51E91980-AD93-4B12-8DEE-FB72C1A1176F}.Debug|Any CPU.Build.0 = Debug|Any CPU
		{51E91980-AD93-4B12-8DEE-FB72C1A1176F}.Release|Any CPU.ActiveCfg = Release|Any CPU
		{51E91980-AD93-4B12-8DEE-FB72C1A1176F}.Release|Any CPU.Build.0 = Release|Any CPU
		{812BAFC9-D6B3-4A27-972D-358A9FCA7A80}.Debug|Any CPU.ActiveCfg = Debug|Any CPU
		{812BAFC9-D6B3-4A27-972D-358A9FCA7A80}.Debug|Any CPU.Build.0 = Debug|Any CPU
		{812BAFC9-D6B3-4A27-972D-358A9FCA7A80}.Release|Any CPU.ActiveCfg = Release|Any CPU
		{812BAFC9-D6B3-4A27-972D-358A9FCA7A80}.Release|Any CPU.Build.0 = Release|Any CPU
	EndGlobalSection
	GlobalSection(SolutionProperties) = preSolution
		HideSolutionNode = FALSE
	EndGlobalSection
EndGlobal
